
Microsoft Visual Studio Solution File, Format Version 12.00
# Visual Studio 15
VisualStudioVersion = 15.0.28306.52
MinimumVisualStudioVersion = 10.0.40219.1
Project("{FAE04EC0-301F-11D3-BF4B-00C04F79EFBC}") = "Desynchronized", "Desynchronized\Desynchronized.csproj", "{A821393C-3B9F-4428-A955-E464C7D11455}"
EndProject
Global
	GlobalSection(SolutionConfigurationPlatforms) = preSolution
		Debug|Any CPU = Debug|Any CPU
		Release|Any CPU = Release|Any CPU
	EndGlobalSection
	GlobalSection(ProjectConfigurationPlatforms) = postSolution
		{A821393C-3B9F-4428-A955-E464C7D11455}.Debug|Any CPU.ActiveCfg = Debug|Any CPU
		{A821393C-3B9F-4428-A955-E464C7D11455}.Debug|Any CPU.Build.0 = Debug|Any CPU
		{A821393C-3B9F-4428-A955-E464C7D11455}.Release|Any CPU.ActiveCfg = Release|Any CPU
		{A821393C-3B9F-4428-A955-E464C7D11455}.Release|Any CPU.Build.0 = Release|Any CPU
	EndGlobalSection
	GlobalSection(SolutionProperties) = preSolution
		HideSolutionNode = FALSE
	EndGlobalSection
	GlobalSection(ExtensibilityGlobals) = postSolution
		SolutionGuid = {47995FA8-6AE4-4C1F-878C-0D1DE506DB38}
	EndGlobalSection
EndGlobal
